
Microsoft Visual Studio Solution File, Format Version 11.00
# Visual Studio 2010
Project("{FAE04EC0-301F-11D3-BF4B-00C04F79EFBC}") = "CodeMorph.FizzBuzz.Application", "CodeMorph.FizzBuzz.Application\CodeMorph.FizzBuzz.Application.csproj", "{878CF2AE-6BEA-4A5D-B4B1-9DEFAA1729A1}"
EndProject
Project("{FAE04EC0-301F-11D3-BF4B-00C04F79EFBC}") = "CodeMorph.FizzBuzz.ConsoleUI", "CodeMorph.FizzBuzz.Console\CodeMorph.FizzBuzz.ConsoleUI.csproj", "{8FA7026A-572C-4F04-B330-937F0B76DB2E}"
EndProject
Project("{FAE04EC0-301F-11D3-BF4B-00C04F79EFBC}") = "CodeMorph.FizzBuzz.Application.Tests", "CodeMorph.FizzBuzz.Application.Tests\CodeMorph.FizzBuzz.Application.Tests.csproj", "{CAFEFB95-D77E-49B2-9543-812EB1D80F31}"
EndProject
Project("{2150E333-8FDC-42A3-9474-1A3956D46DE8}") = "Solution Items", "Solution Items", "{447DCA1C-7537-49CD-8F54-C46EC5A7675B}"
	ProjectSection(SolutionItems) = preProject
		FizzBuzz.vsmdi = FizzBuzz.vsmdi
		Local.testsettings = Local.testsettings
		TraceAndTestImpact.testsettings = TraceAndTestImpact.testsettings
	EndProjectSection
EndProject
Global
	GlobalSection(TestCaseManagementSettings) = postSolution
		CategoryFile = FizzBuzz.vsmdi
	EndGlobalSection
	GlobalSection(SolutionConfigurationPlatforms) = preSolution
		Debug|Any CPU = Debug|Any CPU
		Debug|Mixed Platforms = Debug|Mixed Platforms
		Debug|x86 = Debug|x86
		Release|Any CPU = Release|Any CPU
		Release|Mixed Platforms = Release|Mixed Platforms
		Release|x86 = Release|x86
	EndGlobalSection
	GlobalSection(ProjectConfigurationPlatforms) = postSolution
		{878CF2AE-6BEA-4A5D-B4B1-9DEFAA1729A1}.Debug|Any CPU.ActiveCfg = Debug|Any CPU
		{878CF2AE-6BEA-4A5D-B4B1-9DEFAA1729A1}.Debug|Any CPU.Build.0 = Debug|Any CPU
		{878CF2AE-6BEA-4A5D-B4B1-9DEFAA1729A1}.Debug|Mixed Platforms.ActiveCfg = Debug|Any CPU
		{878CF2AE-6BEA-4A5D-B4B1-9DEFAA1729A1}.Debug|Mixed Platforms.Build.0 = Debug|Any CPU
		{878CF2AE-6BEA-4A5D-B4B1-9DEFAA1729A1}.Debug|x86.ActiveCfg = Debug|Any CPU
		{878CF2AE-6BEA-4A5D-B4B1-9DEFAA1729A1}.Release|Any CPU.ActiveCfg = Release|Any CPU
		{878CF2AE-6BEA-4A5D-B4B1-9DEFAA1729A1}.Release|Any CPU.Build.0 = Release|Any CPU
		{878CF2AE-6BEA-4A5D-B4B1-9DEFAA1729A1}.Release|Mixed Platforms.ActiveCfg = Release|Any CPU
		{878CF2AE-6BEA-4A5D-B4B1-9DEFAA1729A1}.Release|Mixed Platforms.Build.0 = Release|Any CPU
		{878CF2AE-6BEA-4A5D-B4B1-9DEFAA1729A1}.Release|x86.ActiveCfg = Release|Any CPU
		{8FA7026A-572C-4F04-B330-937F0B76DB2E}.Debug|Any CPU.ActiveCfg = Debug|x86
		{8FA7026A-572C-4F04-B330-937F0B76DB2E}.Debug|Mixed Platforms.ActiveCfg = Debug|x86
		{8FA7026A-572C-4F04-B330-937F0B76DB2E}.Debug|Mixed Platforms.Build.0 = Debug|x86
		{8FA7026A-572C-4F04-B330-937F0B76DB2E}.Debug|x86.ActiveCfg = Debug|x86
		{8FA7026A-572C-4F04-B330-937F0B76DB2E}.Debug|x86.Build.0 = Debug|x86
		{8FA7026A-572C-4F04-B330-937F0B76DB2E}.Release|Any CPU.ActiveCfg = Release|x86
		{8FA7026A-572C-4F04-B330-937F0B76DB2E}.Release|Mixed Platforms.ActiveCfg = Release|x86
		{8FA7026A-572C-4F04-B330-937F0B76DB2E}.Release|Mixed Platforms.Build.0 = Release|x86
		{8FA7026A-572C-4F04-B330-937F0B76DB2E}.Release|x86.ActiveCfg = Release|x86
		{8FA7026A-572C-4F04-B330-937F0B76DB2E}.Release|x86.Build.0 = Release|x86
		{CAFEFB95-D77E-49B2-9543-812EB1D80F31}.Debug|Any CPU.ActiveCfg = Debug|Any CPU
		{CAFEFB95-D77E-49B2-9543-812EB1D80F31}.Debug|Any CPU.Build.0 = Debug|Any CPU
		{CAFEFB95-D77E-49B2-9543-812EB1D80F31}.Debug|Mixed Platforms.ActiveCfg = Debug|Any CPU
		{CAFEFB95-D77E-49B2-9543-812EB1D80F31}.Debug|Mixed Platforms.Build.0 = Debug|Any CPU
		{CAFEFB95-D77E-49B2-9543-812EB1D80F31}.Debug|x86.ActiveCfg = Debug|Any CPU
		{CAFEFB95-D77E-49B2-9543-812EB1D80F31}.Release|Any CPU.ActiveCfg = Release|Any CPU
		{CAFEFB95-D77E-49B2-9543-812EB1D80F31}.Release|Any CPU.Build.0 = Release|Any CPU
		{CAFEFB95-D77E-49B2-9543-812EB1D80F31}.Release|Mixed Platforms.ActiveCfg = Release|Any CPU
		{CAFEFB95-D77E-49B2-9543-812EB1D80F31}.Release|Mixed Platforms.Build.0 = Release|Any CPU
		{CAFEFB95-D77E-49B2-9543-812EB1D80F31}.Release|x86.ActiveCfg = Release|Any CPU
	EndGlobalSection
	GlobalSection(SolutionProperties) = preSolution
		HideSolutionNode = FALSE
	EndGlobalSection
EndGlobal
